{
  "object": {
    "pins": [
      {
        "package": "Hitch",
        "repositoryURL": "https://github.com/KittyMac/Hitch.git",
        "state": {
          "branch": null,
          "revision": "d23eb8308f44b813ac778e5f36a2b537a6eac9d8",
          "version": "0.4.25"
        }
      }
    ]
  },
  "version": 1
}
